
Microsoft Visual Studio Solution File, Format Version 12.00
Project("{FAE04EC0-301F-11D3-BF4B-00C04F79EFBC}") = "FlorenceTwoLab.Core", "FlorenceTwoLab.Core\FlorenceTwoLab.Core.csproj", "{C9420734-03AD-4EC4-BE70-504EA3A893EB}"
EndProject
Project("{FAE04EC0-301F-11D3-BF4B-00C04F79EFBC}") = "FlorenceTwoLab.Desktop", "FlorenceTwoLab.Desktop\FlorenceTwoLab.Desktop.csproj", "{92DCD4BC-0A77-4A4D-9D3E-288E0890C16C}"
EndProject
Project("{2150E333-8FDC-42A3-9474-1A3956D46DE8}") = "Global", "Global", "{CC6E7184-B011-48D3-9295-717E920A5DFD}"
	ProjectSection(SolutionItems) = preProject
		global.json = global.json
		LICENSE = LICENSE
		README.md = README.md
	EndProjectSection
EndProject
Project("{2150E333-8FDC-42A3-9474-1A3956D46DE8}") = "Research", "Research", "{84436BBF-FD80-4D74-BE7D-457CC052B6E7}"
	ProjectSection(SolutionItems) = preProject
		research\added_tokens (trimmed).json = research\added_tokens (trimmed).json
		research\AutoProcessor.cs = research\AutoProcessor.cs
		research\AutoTokenizer.cs = research\AutoTokenizer.cs
		research\config.json = research\config.json
		research\Florence2.cs = research\Florence2.cs
		research\generation_config.json = research\generation_config.json
		research\merges (trimmed).txt = research\merges (trimmed).txt
		research\preprocessor_config.json = research\preprocessor_config.json
		research\sample_inference.ipynb = research\sample_inference.ipynb
		research\special_tokens_map (trimmed).json = research\special_tokens_map (trimmed).json
		research\tokenizer (trimmed).json = research\tokenizer (trimmed).json
		research\tokenizer_config (trimmed).json = research\tokenizer_config (trimmed).json
		research\vocab (trimmed).json = research\vocab (trimmed).json
	EndProjectSection
EndProject
Global
	GlobalSection(SolutionConfigurationPlatforms) = preSolution
		Debug|Any CPU = Debug|Any CPU
		Release|Any CPU = Release|Any CPU
	EndGlobalSection
	GlobalSection(ProjectConfigurationPlatforms) = postSolution
		{C9420734-03AD-4EC4-BE70-504EA3A893EB}.Debug|Any CPU.ActiveCfg = Debug|Any CPU
		{C9420734-03AD-4EC4-BE70-504EA3A893EB}.Debug|Any CPU.Build.0 = Debug|Any CPU
		{C9420734-03AD-4EC4-BE70-504EA3A893EB}.Release|Any CPU.ActiveCfg = Release|Any CPU
		{C9420734-03AD-4EC4-BE70-504EA3A893EB}.Release|Any CPU.Build.0 = Release|Any CPU
		{92DCD4BC-0A77-4A4D-9D3E-288E0890C16C}.Debug|Any CPU.ActiveCfg = Debug|Any CPU
		{92DCD4BC-0A77-4A4D-9D3E-288E0890C16C}.Debug|Any CPU.Build.0 = Debug|Any CPU
		{92DCD4BC-0A77-4A4D-9D3E-288E0890C16C}.Release|Any CPU.ActiveCfg = Release|Any CPU
		{92DCD4BC-0A77-4A4D-9D3E-288E0890C16C}.Release|Any CPU.Build.0 = Release|Any CPU
	EndGlobalSection
	GlobalSection(NestedProjects) = preSolution
		{84436BBF-FD80-4D74-BE7D-457CC052B6E7} = {CC6E7184-B011-48D3-9295-717E920A5DFD}
	EndGlobalSection
EndGlobal
